
Microsoft Visual Studio Solution File, Format Version 12.00
# Visual Studio Version 17
VisualStudioVersion = 17.0.32126.317
MinimumVisualStudioVersion = 10.0.40219.1
Project("{FAE04EC0-301F-11D3-BF4B-00C04F79EFBC}") = "ApiTemplate", "ApiTemplate\ApiTemplate.csproj", "{055AFADF-A6EB-49D0-877E-F2993A98B2A0}"
EndProject
Global
	GlobalSection(SolutionConfigurationPlatforms) = preSolution
		Debug|Any CPU = Debug|Any CPU
		Release|Any CPU = Release|Any CPU
	EndGlobalSection
	GlobalSection(ProjectConfigurationPlatforms) = postSolution
		{055AFADF-A6EB-49D0-877E-F2993A98B2A0}.Debug|Any CPU.ActiveCfg = Debug|Any CPU
		{055AFADF-A6EB-49D0-877E-F2993A98B2A0}.Debug|Any CPU.Build.0 = Debug|Any CPU
		{055AFADF-A6EB-49D0-877E-F2993A98B2A0}.Release|Any CPU.ActiveCfg = Release|Any CPU
		{055AFADF-A6EB-49D0-877E-F2993A98B2A0}.Release|Any CPU.Build.0 = Release|Any CPU
	EndGlobalSection
	GlobalSection(SolutionProperties) = preSolution
		HideSolutionNode = FALSE
	EndGlobalSection
	GlobalSection(ExtensibilityGlobals) = postSolution
		SolutionGuid = {6E0DB488-1B67-4F34-8177-A454756D57CB}
	EndGlobalSection
EndGlobal
